
Microsoft Visual Studio Solution File, Format Version 12.00
# Visual Studio Version 17
VisualStudioVersion = 17.9.34728.123
MinimumVisualStudioVersion = 10.0.40219.1
Project("{FAE04EC0-301F-11D3-BF4B-00C04F79EFBC}") = "ex06_caliburn_mvvm", "ex06_caliburn_mvvm\ex06_caliburn_mvvm.csproj", "{F00F4C29-F6D4-47AD-AADA-D6712F668F47}"
EndProject
Project("{FAE04EC0-301F-11D3-BF4B-00C04F79EFBC}") = "ex07_EmployeeMngApp", "ex07_EmployeeMngApp\ex07_EmployeeMngApp.csproj", "{94CF90D8-9ADB-4270-B50C-61A3050967B4}"
EndProject
Global
	GlobalSection(SolutionConfigurationPlatforms) = preSolution
		Debug|Any CPU = Debug|Any CPU
		Release|Any CPU = Release|Any CPU
	EndGlobalSection
	GlobalSection(ProjectConfigurationPlatforms) = postSolution
		{F00F4C29-F6D4-47AD-AADA-D6712F668F47}.Debug|Any CPU.ActiveCfg = Debug|Any CPU
		{F00F4C29-F6D4-47AD-AADA-D6712F668F47}.Debug|Any CPU.Build.0 = Debug|Any CPU
		{F00F4C29-F6D4-47AD-AADA-D6712F668F47}.Release|Any CPU.ActiveCfg = Release|Any CPU
		{F00F4C29-F6D4-47AD-AADA-D6712F668F47}.Release|Any CPU.Build.0 = Release|Any CPU
		{94CF90D8-9ADB-4270-B50C-61A3050967B4}.Debug|Any CPU.ActiveCfg = Debug|Any CPU
		{94CF90D8-9ADB-4270-B50C-61A3050967B4}.Debug|Any CPU.Build.0 = Debug|Any CPU
		{94CF90D8-9ADB-4270-B50C-61A3050967B4}.Release|Any CPU.ActiveCfg = Release|Any CPU
		{94CF90D8-9ADB-4270-B50C-61A3050967B4}.Release|Any CPU.Build.0 = Release|Any CPU
	EndGlobalSection
	GlobalSection(SolutionProperties) = preSolution
		HideSolutionNode = FALSE
	EndGlobalSection
	GlobalSection(ExtensibilityGlobals) = postSolution
		SolutionGuid = {D5E48EB8-3E98-4666-871F-6CCA9ECEED32}
	EndGlobalSection
EndGlobal
